speakeasyVersion: 1.763.1
sources:
    my-source:
        sourceNamespace: my-source
        sourceRevisionDigest: sha256:1b8840d540c66b58d1009ec2581fb18464158ec9aa00464eac05ba737f31207e
        sourceBlobDigest: sha256:f7e2709f52370dff16c1851a7a4e44a89f2e978e9cae335bffc10625950b3bd9
        tags:
            - latest
            - main
    plexapi:
        sourceNamespace: plexapi
        sourceRevisionDigest: sha256:e0a0456ae1bb674c3e8e73841c2170c4f706141067392497e29a1443fcca8859
        sourceBlobDigest: sha256:d36dc1425046077320c76ba5c5a93e3af1ef718bc9e9eecb6db33dbf0cd9d3fd
        tags:
            - latest
            - 1.1.1
targets:
    plexjs:
        source: plexapi
        sourceNamespace: plexapi
        sourceRevisionDigest: sha256:e0a0456ae1bb674c3e8e73841c2170c4f706141067392497e29a1443fcca8859
        sourceBlobDigest: sha256:d36dc1425046077320c76ba5c5a93e3af1ef718bc9e9eecb6db33dbf0cd9d3fd
        codeSamplesNamespace: code-samples-typescript-plexjs
        codeSamplesRevisionDigest: sha256:489c1b1b6dd33a0e32083f2ef6f998a511b12a927b3dc98bd779782de29e6512
workflow:
    workflowVersion: 1.0.0
    speakeasyVersion: latest
    sources:
        plexapi:
            inputs:
                - location: https://raw.githubusercontent.com/LukeHagar/plex-api-spec/refs/heads/main/plex-api-spec.yaml
            registry:
                location: registry.speakeasyapi.dev/plexapi/plexapi/plexapi
    targets:
        plexjs:
            target: typescript
            source: plexapi
            codeSamples:
                output: codeSamples.yaml
                registry:
                    location: registry.speakeasyapi.dev/plexapi/plexapi/code-samples-typescript-plexjs
                labelOverride:
                    fixedValue: PlexJS
